# This file is generated by running "yarn install" inside your project.
# Manual changes might be lost - proceed with caution!

__metadata:
  version: 8
  cacheKey: 10c0

"@types/node@npm:*":
  version: 24.0.1
  resolution: "@types/node@npm:24.0.1"
  dependencies:
    undici-types: "npm:~7.8.0"
  checksum: 10c0/91cd50d1ac32a2172cbc67b65c78391fbd469b24743e3665427aa60bebaf4620cb9ac2e91c09a8081a78d08855c00faca659c287c1725ce8ca5e80ece3a20520
  languageName: node
  linkType: hard

"@types/unzip-stream@npm:^0.3.4":
  version: 0.3.4
  resolution: "@types/unzip-stream@npm:0.3.4"
  dependencies:
    "@types/node": "npm:*"
  checksum: 10c0/175077886c447688f9c4960beea1f247fe3c1676db72942c6869003b68235f809a1e4511c3cca9dbc031bb14091b11dda93848f3bf3c3c5c2ab7c664a699f8f5
  languageName: node
  linkType: hard

"@types/xmldom@npm:^0.1.34":
  version: 0.1.34
  resolution: "@types/xmldom@npm:0.1.34"
  checksum: 10c0/9cd8428f2fbdedb3003d48841b62000fc218a15d9ce2129f47a768f0d0ec840b942a4dcec0ce567a35d314feb86bfc1f86bca23e180bf87f8dd52ef982f06e45
  languageName: node
  linkType: hard

"binary@npm:^0.3.0":
  version: 0.3.0
  resolution: "binary@npm:0.3.0"
  dependencies:
    buffers: "npm:~0.1.1"
    chainsaw: "npm:~0.1.0"
  checksum: 10c0/752c2c2ff9f23506b3428cc8accbfcc92fec07bf8a31a1953e9c7e2193eb5db8a67252034ab93e8adab2a1c43f3eeb3da0bacae0320e9814f3ca127942c55871
  languageName: node
  linkType: hard

"buffers@npm:~0.1.1":
  version: 0.1.1
  resolution: "buffers@npm:0.1.1"
  checksum: 10c0/c7a3284ddb4f5c65431508be65535e3739215f7996aa03e5d3a3fcf03144d35ffca7d9825572e6c6c6007f5308b8553c7b2941fcf5e56fac20dedea7178f5f71
  languageName: node
  linkType: hard

"chainsaw@npm:~0.1.0":
  version: 0.1.0
  resolution: "chainsaw@npm:0.1.0"
  dependencies:
    traverse: "npm:>=0.3.0 <0.4"
  checksum: 10c0/c27b8b10fd372b07d80b3f63615ce5ecb9bb1b0be6934fe5de3bb0328f9ffad5051f206bd7a0b426b85778fee0c063a1f029fb32cc639f3b2ee38d6b39f52c5c
  languageName: node
  linkType: hard

"minimist@npm:^1.2.6":
  version: 1.2.8
  resolution: "minimist@npm:1.2.8"
  checksum: 10c0/19d3fcdca050087b84c2029841a093691a91259a47def2f18222f41e7645a0b7c44ef4b40e88a1e58a40c84d2ef0ee6047c55594d298146d0eb3f6b737c20ce6
  languageName: node
  linkType: hard

"mkdirp@npm:^0.5.1":
  version: 0.5.6
  resolution: "mkdirp@npm:0.5.6"
  dependencies:
    minimist: "npm:^1.2.6"
  bin:
    mkdirp: bin/cmd.js
  checksum: 10c0/e2e2be789218807b58abced04e7b49851d9e46e88a2f9539242cc8a92c9b5c3a0b9bab360bd3014e02a140fc4fbc58e31176c408b493f8a2a6f4986bd7527b01
  languageName: node
  linkType: hard

"node-export-pptx-notes@workspace:.":
  version: 0.0.0-use.local
  resolution: "node-export-pptx-notes@workspace:."
  dependencies:
    "@types/unzip-stream": "npm:^0.3.4"
    "@types/xmldom": "npm:^0.1.34"
    unzip-stream: "npm:^0.3.4"
    xmldom: "npm:^0.6.0"
  languageName: unknown
  linkType: soft

"traverse@npm:>=0.3.0 <0.4":
  version: 0.3.9
  resolution: "traverse@npm:0.3.9"
  checksum: 10c0/05f04ff1002f08f19b033187124764e2713186c7a7c0ad88172368df993edc4fa7580e829e252cef6b38375317b69671932ee3820381398a9e375aad3797f607
  languageName: node
  linkType: hard

"undici-types@npm:~7.8.0":
  version: 7.8.0
  resolution: "undici-types@npm:7.8.0"
  checksum: 10c0/9d9d246d1dc32f318d46116efe3cfca5a72d4f16828febc1918d94e58f6ffcf39c158aa28bf5b4fc52f410446bc7858f35151367bd7a49f21746cab6497b709b
  languageName: node
  linkType: hard

"unzip-stream@npm:^0.3.4":
  version: 0.3.4
  resolution: "unzip-stream@npm:0.3.4"
  dependencies:
    binary: "npm:^0.3.0"
    mkdirp: "npm:^0.5.1"
  checksum: 10c0/fcd2eeb5374c51f4b506af9ad6c0dcf227f47770844c16f096f45eb496a5225c69e7df702264ea7049b5b917221b5730b18c02311c927a4586d933220a430ee4
  languageName: node
  linkType: hard

"xmldom@npm:^0.6.0":
  version: 0.6.0
  resolution: "xmldom@npm:0.6.0"
  checksum: 10c0/93cbb4854f73f431a402e7942baa87a59e8445fd0b4ae6bf6af3a1007809e849da8ac70bbe1509242212bce5d19e30b55ea282cbd9d87281701d1bdc13b74623
  languageName: node
  linkType: hard
